// !$*UTF8*$!
{
	archiveVersion = 1;
	classes = {
	};
	objectVersion = 55;
	objects = {

/* Begin PBXBuildFile section */
		227252302832DD3200D9285E /* Tutorial6.swift in Sources */ = {isa = PBXBuildFile; fileRef = 2272522F2832DD3200D9285E /* Tutorial6.swift */; };
		227252322832DE8A00D9285E /* Location.swift in Sources */ = {isa = PBXBuildFile; fileRef = 227252312832DE8A00D9285E /* Location.swift */; };
		227252342832E53B00D9285E /* EditView.swift in Sources */ = {isa = PBXBuildFile; fileRef = 227252332832E53B00D9285E /* EditView.swift */; };
		22A2FC52283159B900132282 /* BucketlistTutorialsApp.swift in Sources */ = {isa = PBXBuildFile; fileRef = 22A2FC51283159B900132282 /* BucketlistTutorialsApp.swift */; };
		22A2FC54283159B900132282 /* ContentView.swift in Sources */ = {isa = PBXBuildFile; fileRef = 22A2FC53283159B900132282 /* ContentView.swift */; };
		22A2FC56283159BC00132282 /* Assets.xcassets in Resources */ = {isa = PBXBuildFile; fileRef = 22A2FC55283159BC00132282 /* Assets.xcassets */; };
		22A2FC59283159BC00132282 /* Preview Assets.xcassets in Resources */ = {isa = PBXBuildFile; fileRef = 22A2FC58283159BC00132282 /* Preview Assets.xcassets */; };
		22A2FC6028315A5000132282 /* Tutorial1.swift in Sources */ = {isa = PBXBuildFile; fileRef = 22A2FC5F28315A5000132282 /* Tutorial1.swift */; };
		22A2FC6328315FBA00132282 /* Tutorial2.swift in Sources */ = {isa = PBXBuildFile; fileRef = 22A2FC6228315FBA00132282 /* Tutorial2.swift */; };
		22A2FC652831682100132282 /* Tutorial3.swift in Sources */ = {isa = PBXBuildFile; fileRef = 22A2FC642831682100132282 /* Tutorial3.swift */; };
		22A2FC67283169D800132282 /* Tutorial4.swift in Sources */ = {isa = PBXBuildFile; fileRef = 22A2FC66283169D800132282 /* Tutorial4.swift */; };
		22A2FC6928316F6500132282 /* Tutorial5.swift in Sources */ = {isa = PBXBuildFile; fileRef = 22A2FC6828316F6500132282 /* Tutorial5.swift */; };
/* End PBXBuildFile section */

/* Begin PBXFileReference section */
		2272522F2832DD3200D9285E /* Tutorial6.swift */ = {isa = PBXFileReference; lastKnownFileType = sourcecode.swift; path = Tutorial6.swift; sourceTree = "<group>"; };
		227252312832DE8A00D9285E /* Location.swift */ = {isa = PBXFileReference; lastKnownFileType = sourcecode.swift; path = Location.swift; sourceTree = "<group>"; };
		227252332832E53B00D9285E /* EditView.swift */ = {isa = PBXFileReference; lastKnownFileType = sourcecode.swift; path = EditView.swift; sourceTree = "<group>"; };
		22A2FC4E283159B900132282 /* BucketlistTutorials.app */ = {isa = PBXFileReference; explicitFileType = wrapper.application; includeInIndex = 0; path = BucketlistTutorials.app; sourceTree = BUILT_PRODUCTS_DIR; };
		22A2FC51283159B900132282 /* BucketlistTutorialsApp.swift */ = {isa = PBXFileReference; lastKnownFileType = sourcecode.swift; path = BucketlistTutorialsApp.swift; sourceTree = "<group>"; };
		22A2FC53283159B900132282 /* ContentView.swift */ = {isa = PBXFileReference; lastKnownFileType = sourcecode.swift; path = ContentView.swift; sourceTree = "<group>"; };
		22A2FC55283159BC00132282 /* Assets.xcassets */ = {isa = PBXFileReference; lastKnownFileType = folder.assetcatalog; path = Assets.xcassets; sourceTree = "<group>"; };
		22A2FC58283159BC00132282 /* Preview Assets.xcassets */ = {isa = PBXFileReference; lastKnownFileType = folder.assetcatalog; path = "Preview Assets.xcassets"; sourceTree = "<group>"; };
		22A2FC5F28315A5000132282 /* Tutorial1.swift */ = {isa = PBXFileReference; lastKnownFileType = sourcecode.swift; path = Tutorial1.swift; sourceTree = "<group>"; };
		22A2FC6228315FBA00132282 /* Tutorial2.swift */ = {isa = PBXFileReference; lastKnownFileType = sourcecode.swift; path = Tutorial2.swift; sourceTree = "<group>"; };
		22A2FC642831682100132282 /* Tutorial3.swift */ = {isa = PBXFileReference; lastKnownFileType = sourcecode.swift; path = Tutorial3.swift; sourceTree = "<group>"; };
		22A2FC66283169D800132282 /* Tutorial4.swift */ = {isa = PBXFileReference; lastKnownFileType = sourcecode.swift; path = Tutorial4.swift; sourceTree = "<group>"; };
		22A2FC6828316F6500132282 /* Tutorial5.swift */ = {isa = PBXFileReference; lastKnownFileType = sourcecode.swift; path = Tutorial5.swift; sourceTree = "<group>"; };
/* End PBXFileReference section */

/* Begin PBXFrameworksBuildPhase section */
		22A2FC4B283159B900132282 /* Frameworks */ = {
			isa = PBXFrameworksBuildPhase;
			buildActionMask = 2147483647;
			files = (
			);
			runOnlyForDeploymentPostprocessing = 0;
		};
/* End PBXFrameworksBuildPhase section */

/* Begin PBXGroup section */
		22A2FC45283159B900132282 = {
			isa = PBXGroup;
			children = (
				22A2FC50283159B900132282 /* BucketlistTutorials */,
				22A2FC4F283159B900132282 /* Products */,
			);
			sourceTree = "<group>";
		};
		22A2FC4F283159B900132282 /* Products */ = {
			isa = PBXGroup;
			children = (
				22A2FC4E283159B900132282 /* BucketlistTutorials.app */,
			);
			name = Products;
			sourceTree = "<group>";
		};
		22A2FC50283159B900132282 /* BucketlistTutorials */ = {
			isa = PBXGroup;
			children = (
				22A2FC51283159B900132282 /* BucketlistTutorialsApp.swift */,
				22A2FC53283159B900132282 /* ContentView.swift */,
				227252312832DE8A00D9285E /* Location.swift */,
				227252332832E53B00D9285E /* EditView.swift */,
				22A2FC6128315A5700132282 /* Tutorials */,
				22A2FC55283159BC00132282 /* Assets.xcassets */,
				22A2FC57283159BC00132282 /* Preview Content */,
			);
			path = BucketlistTutorials;
			sourceTree = "<group>";
		};
		22A2FC57283159BC00132282 /* Preview Content */ = {
			isa = PBXGroup;
			children = (
				22A2FC58283159BC00132282 /* Preview Assets.xcassets */,
			);
			path = "Preview Content";
			sourceTree = "<group>";
		};
		22A2FC6128315A5700132282 /* Tutorials */ = {
			isa = PBXGroup;
			children = (
				22A2FC5F28315A5000132282 /* Tutorial1.swift */,
				22A2FC6228315FBA00132282 /* Tutorial2.swift */,
				22A2FC642831682100132282 /* Tutorial3.swift */,
				22A2FC66283169D800132282 /* Tutorial4.swift */,
				22A2FC6828316F6500132282 /* Tutorial5.swift */,
				2272522F2832DD3200D9285E /* Tutorial6.swift */,
			);
			path = Tutorials;
			sourceTree = "<group>";
		};
/* End PBXGroup section */

/* Begin PBXNativeTarget section */
		22A2FC4D283159B900132282 /* BucketlistTutorials */ = {
			isa = PBXNativeTarget;
			buildConfigurationList = 22A2FC5C283159BC00132282 /* Build configuration list for PBXNativeTarget "BucketlistTutorials" */;
			buildPhases = (
				22A2FC4A283159B900132282 /* Sources */,
				22A2FC4B283159B900132282 /* Frameworks */,
				22A2FC4C283159B900132282 /* Resources */,
			);
			buildRules = (
			);
			dependencies = (
			);
			name = BucketlistTutorials;
			productName = BucketlistTutorials;
			productReference = 22A2FC4E283159B900132282 /* BucketlistTutorials.app */;
			productType = "com.apple.product-type.application";
		};
/* End PBXNativeTarget section */

/* Begin PBXProject section */
		22A2FC46283159B900132282 /* Project object */ = {
			isa = PBXProject;
			attributes = {
				BuildIndependentTargetsInParallel = 1;
				LastSwiftUpdateCheck = 1330;
				LastUpgradeCheck = 1330;
				TargetAttributes = {
					22A2FC4D283159B900132282 = {
						CreatedOnToolsVersion = 13.3.1;
					};
				};
			};
			buildConfigurationList = 22A2FC49283159B900132282 /* Build configuration list for PBXProject "BucketlistTutorials" */;
			compatibilityVersion = "Xcode 13.0";
			developmentRegion = en;
			hasScannedForEncodings = 0;
			knownRegions = (
				en,
				Base,
			);
			mainGroup = 22A2FC45283159B900132282;
			productRefGroup = 22A2FC4F283159B900132282 /* Products */;
			projectDirPath = "";
			projectRoot = "";
			targets = (
				22A2FC4D283159B900132282 /* BucketlistTutorials */,
			);
		};
/* End PBXProject section */

/* Begin PBXResourcesBuildPhase section */
		22A2FC4C283159B900132282 /* Resources */ = {
			isa = PBXResourcesBuildPhase;
			buildActionMask = 2147483647;
			files = (
				22A2FC59283159BC00132282 /* Preview Assets.xcassets in Resources */,
				22A2FC56283159BC00132282 /* Assets.xcassets in Resources */,
			);
			runOnlyForDeploymentPostprocessing = 0;
		};
/* End PBXResourcesBuildPhase section */

/* Begin PBXSourcesBuildPhase section */
		22A2FC4A283159B900132282 /* Sources */ = {
			isa = PBXSourcesBuildPhase;
			buildActionMask = 2147483647;
			files = (
				22A2FC652831682100132282 /* Tutorial3.swift in Sources */,
				22A2FC6328315FBA00132282 /* Tutorial2.swift in Sources */,
				22A2FC6928316F6500132282 /* Tutorial5.swift in Sources */,
				22A2FC54283159B900132282 /* ContentView.swift in Sources */,
				227252322832DE8A00D9285E /* Location.swift in Sources */,
				227252302832DD3200D9285E /* Tutorial6.swift in Sources */,
				227252342832E53B00D9285E /* EditView.swift in Sources */,
				22A2FC52283159B900132282 /* BucketlistTutorialsApp.swift in Sources */,
				22A2FC67283169D800132282 /* Tutorial4.swift in Sources */,
				22A2FC6028315A5000132282 /* Tutorial1.swift in Sources */,
			);
			runOnlyForDeploymentPostprocessing = 0;
		};
/* End PBXSourcesBuildPhase section */

/* Begin XCBuildConfiguration section */
		22A2FC5A283159BC00132282 /* Debug */ = {
			isa = XCBuildConfiguration;
			buildSettings = {
				ALWAYS_SEARCH_USER_PATHS = NO;
				CLANG_ANALYZER_NONNULL = YES;
				CLANG_ANALYZER_NUMBER_OBJECT_CONVERSION = YES_AGGRESSIVE;
				CLANG_CXX_LANGUAGE_STANDARD = "gnu++17";
				CLANG_ENABLE_MODULES = YES;
				CLANG_ENABLE_OBJC_ARC = YES;
				CLANG_ENABLE_OBJC_WEAK = YES;
				CLANG_WARN_BLOCK_CAPTURE_AUTORELEASING = YES;
				CLANG_WARN_BOOL_CONVERSION = YES;
				CLANG_WARN_COMMA = YES;
				CLANG_WARN_CONSTANT_CONVERSION = YES;
				CLANG_WARN_DEPRECATED_OBJC_IMPLEMENTATIONS = YES;
				CLANG_WARN_DIRECT_OBJC_ISA_USAGE = YES_ERROR;
				CLANG_WARN_DOCUMENTATION_COMMENTS = YES;
				CLANG_WARN_EMPTY_BODY = YES;
				CLANG_WARN_ENUM_CONVERSION = YES;
				CLANG_WARN_INFINITE_RECURSION = YES;
				CLANG_WARN_INT_CONVERSION = YES;
				CLANG_WARN_NON_LITERAL_NULL_CONVERSION = YES;
				CLANG_WARN_OBJC_IMPLICIT_RETAIN_SELF = YES;
				CLANG_WARN_OBJC_LITERAL_CONVERSION = YES;
				CLANG_WARN_OBJC_ROOT_CLASS = YES_ERROR;
				CLANG_WARN_QUOTED_INCLUDE_IN_FRAMEWORK_HEADER = YES;
				CLANG_WARN_RANGE_LOOP_ANALYSIS = YES;
				CLANG_WARN_STRICT_PROTOTYPES = YES;
				CLANG_WARN_SUSPICIOUS_MOVE = YES;
				CLANG_WARN_UNGUARDED_AVAILABILITY = YES_AGGRESSIVE;
				CLANG_WARN_UNREACHABLE_CODE = YES;
				CLANG_WARN__DUPLICATE_METHOD_MATCH = YES;
				COPY_PHASE_STRIP = NO;
				DEBUG_INFORMATION_FORMAT = dwarf;
				ENABLE_STRICT_OBJC_MSGSEND = YES;
				ENABLE_TESTABILITY = YES;
				GCC_C_LANGUAGE_STANDARD = gnu11;
				GCC_DYNAMIC_NO_PIC = NO;
				GCC_NO_COMMON_BLOCKS = YES;
				GCC_OPTIMIZATION_LEVEL = 0;
				GCC_PREPROCESSOR_DEFINITIONS = (
					"DEBUG=1",
					"$(inherited)",
				);
				GCC_WARN_64_TO_32_BIT_CONVERSION = YES;
				GCC_WARN_ABOUT_RETURN_TYPE = YES_ERROR;
				GCC_WARN_UNDECLARED_SELECTOR = YES;
				GCC_WARN_UNINITIALIZED_AUTOS = YES_AGGRESSIVE;
				GCC_WARN_UNUSED_FUNCTION = YES;
				GCC_WARN_UNUSED_VARIABLE = YES;
				IPHONEOS_DEPLOYMENT_TARGET = 15.4;
				MTL_ENABLE_DEBUG_INFO = INCLUDE_SOURCE;
				MTL_FAST_MATH = YES;
				ONLY_ACTIVE_ARCH = YES;
				SDKROOT = iphoneos;
				SWIFT_ACTIVE_COMPILATION_CONDITIONS = DEBUG;
				SWIFT_OPTIMIZATION_LEVEL = "-Onone";
			};
			name = Debug;
		};
		22A2FC5B283159BC00132282 /* Release */ = {
			isa = XCBuildConfiguration;
			buildSettings = {
				ALWAYS_SEARCH_USER_PATHS = NO;
				CLANG_ANALYZER_NONNULL = YES;
				CLANG_ANALYZER_NUMBER_OBJECT_CONVERSION = YES_AGGRESSIVE;
				CLANG_CXX_LANGUAGE_STANDARD = "gnu++17";
				CLANG_ENABLE_MODULES = YES;
				CLANG_ENABLE_OBJC_ARC = YES;
				CLANG_ENABLE_OBJC_WEAK = YES;
				CLANG_WARN_BLOCK_CAPTURE_AUTORELEASING = YES;
				CLANG_WARN_BOOL_CONVERSION = YES;
				CLANG_WARN_COMMA = YES;
				CLANG_WARN_CONSTANT_CONVERSION = YES;
				CLANG_WARN_DEPRECATED_OBJC_IMPLEMENTATIONS = YES;
				CLANG_WARN_DIRECT_OBJC_ISA_USAGE = YES_ERROR;
				CLANG_WARN_DOCUMENTATION_COMMENTS = YES;
				CLANG_WARN_EMPTY_BODY = YES;
				CLANG_WARN_ENUM_CONVERSION = YES;
				CLANG_WARN_INFINITE_RECURSION = YES;
				CLANG_WARN_INT_CONVERSION = YES;
				CLANG_WARN_NON_LITERAL_NULL_CONVERSION = YES;
				CLANG_WARN_OBJC_IMPLICIT_RETAIN_SELF = YES;
				CLANG_WARN_OBJC_LITERAL_CONVERSION = YES;
				CLANG_WARN_OBJC_ROOT_CLASS = YES_ERROR;
				CLANG_WARN_QUOTED_INCLUDE_IN_FRAMEWORK_HEADER = YES;
				CLANG_WARN_RANGE_LOOP_ANALYSIS = YES;
				CLANG_WARN_STRICT_PROTOTYPES = YES;
				CLANG_WARN_SUSPICIOUS_MOVE = YES;
				CLANG_WARN_UNGUARDED_AVAILABILITY = YES_AGGRESSIVE;
				CLANG_WARN_UNREACHABLE_CODE = YES;
				CLANG_WARN__DUPLICATE_METHOD_MATCH = YES;
				COPY_PHASE_STRIP = NO;
				DEBUG_INFORMATION_FORMAT = "dwarf-with-dsym";
				ENABLE_NS_ASSERTIONS = NO;
				ENABLE_STRICT_OBJC_MSGSEND = YES;
				GCC_C_LANGUAGE_STANDARD = gnu11;
				GCC_NO_COMMON_BLOCKS = YES;
				GCC_WARN_64_TO_32_BIT_CONVERSION = YES;
				GCC_WARN_ABOUT_RETURN_TYPE = YES_ERROR;
				GCC_WARN_UNDECLARED_SELECTOR = YES;
				GCC_WARN_UNINITIALIZED_AUTOS = YES_AGGRESSIVE;
				GCC_WARN_UNUSED_FUNCTION = YES;
				GCC_WARN_UNUSED_VARIABLE = YES;
				IPHONEOS_DEPLOYMENT_TARGET = 15.4;
				MTL_ENABLE_DEBUG_INFO = NO;
				MTL_FAST_MATH = YES;
				SDKROOT = iphoneos;
				SWIFT_COMPILATION_MODE = wholemodule;
				SWIFT_OPTIMIZATION_LEVEL = "-O";
				VALIDATE_PRODUCT = YES;
			};
			name = Release;
		};
		22A2FC5D283159BC00132282 /* Debug */ = {
			isa = XCBuildConfiguration;
			buildSettings = {
				ASSETCATALOG_COMPILER_APPICON_NAME = AppIcon;
				ASSETCATALOG_COMPILER_GLOBAL_ACCENT_COLOR_NAME = AccentColor;
				CODE_SIGN_STYLE = Automatic;
				CURRENT_PROJECT_VERSION = 1;
				DEVELOPMENT_ASSET_PATHS = "\"BucketlistTutorials/Preview Content\"";
				ENABLE_PREVIEWS = YES;
				GENERATE_INFOPLIST_FILE = YES;
				INFOPLIST_KEY_NSFaceIDUsageDescription = "We need to unlock your data.";
				INFOPLIST_KEY_UIApplicationSceneManifest_Generation = YES;
				INFOPLIST_KEY_UIApplicationSupportsIndirectInputEvents = YES;
				INFOPLIST_KEY_UILaunchScreen_Generation = YES;
				INFOPLIST_KEY_UISupportedInterfaceOrientations_iPad = "UIInterfaceOrientationPortrait UIInterfaceOrientationPortraitUpsideDown UIInterfaceOrientationLandscapeLeft UIInterfaceOrientationLandscapeRight";
				INFOPLIST_KEY_UISupportedInterfaceOrientations_iPhone = "UIInterfaceOrientationPortrait UIInterfaceOrientationLandscapeLeft UIInterfaceOrientationLandscapeRight";
				LD_RUNPATH_SEARCH_PATHS = (
					"$(inherited)",
					"@executable_path/Frameworks",
				);
				MARKETING_VERSION = 1.0;
				PRODUCT_BUNDLE_IDENTIFIER = com.Albert.Landi.BucketlistTutorials;
				PRODUCT_NAME = "$(TARGET_NAME)";
				SWIFT_EMIT_LOC_STRINGS = YES;
				SWIFT_VERSION = 5.0;
				TARGETED_DEVICE_FAMILY = "1,2";
			};
			name = Debug;
		};
		22A2FC5E283159BC00132282 /* Release */ = {
			isa = XCBuildConfiguration;
			buildSettings = {
				ASSETCATALOG_COMPILER_APPICON_NAME = AppIcon;
				ASSETCATALOG_COMPILER_GLOBAL_ACCENT_COLOR_NAME = AccentColor;
				CODE_SIGN_STYLE = Automatic;
				CURRENT_PROJECT_VERSION = 1;
				DEVELOPMENT_ASSET_PATHS = "\"BucketlistTutorials/Preview Content\"";
				ENABLE_PREVIEWS = YES;
				GENERATE_INFOPLIST_FILE = YES;
				INFOPLIST_KEY_NSFaceIDUsageDescription = "We need to unlock your data.";
				INFOPLIST_KEY_UIApplicationSceneManifest_Generation = YES;
				INFOPLIST_KEY_UIApplicationSupportsIndirectInputEvents = YES;
				INFOPLIST_KEY_UILaunchScreen_Generation = YES;
				INFOPLIST_KEY_UISupportedInterfaceOrientations_iPad = "UIInterfaceOrientationPortrait UIInterfaceOrientationPortraitUpsideDown UIInterfaceOrientationLandscapeLeft UIInterfaceOrientationLandscapeRight";
				INFOPLIST_KEY_UISupportedInterfaceOrientations_iPhone = "UIInterfaceOrientationPortrait UIInterfaceOrientationLandscapeLeft UIInterfaceOrientationLandscapeRight";
				LD_RUNPATH_SEARCH_PATHS = (
					"$(inherited)",
					"@executable_path/Frameworks",
				);
				MARKETING_VERSION = 1.0;
				PRODUCT_BUNDLE_IDENTIFIER = com.Albert.Landi.BucketlistTutorials;
				PRODUCT_NAME = "$(TARGET_NAME)";
				SWIFT_EMIT_LOC_STRINGS = YES;
				SWIFT_VERSION = 5.0;
				TARGETED_DEVICE_FAMILY = "1,2";
			};
			name = Release;
		};
/* End XCBuildConfiguration section */

/* Begin XCConfigurationList section */
		22A2FC49283159B900132282 /* Build configuration list for PBXProject "BucketlistTutorials" */ = {
			isa = XCConfigurationList;
			buildConfigurations = (
				22A2FC5A283159BC00132282 /* Debug */,
				22A2FC5B283159BC00132282 /* Release */,
			);
			defaultConfigurationIsVisible = 0;
			defaultConfigurationName = Release;
		};
		22A2FC5C283159BC00132282 /* Build configuration list for PBXNativeTarget "BucketlistTutorials" */ = {
			isa = XCConfigurationList;
			buildConfigurations = (
				22A2FC5D283159BC00132282 /* Debug */,
				22A2FC5E283159BC00132282 /* Release */,
			);
			defaultConfigurationIsVisible = 0;
			defaultConfigurationName = Release;
		};
/* End XCConfigurationList section */
	};
	rootObject = 22A2FC46283159B900132282 /* Project object */;
}
